
Microsoft Visual Studio Solution File, Format Version 12.00
# Visual Studio 15
VisualStudioVersion = 15.0.27004.2002
MinimumVisualStudioVersion = 10.0.40219.1
Project("{FAE04EC0-301F-11D3-BF4B-00C04F79EFBC}") = "Project2", "Project2\Project2.csproj", "{B85A182D-9E5F-400C-A489-707652550152}"
EndProject
Global
	GlobalSection(SolutionConfigurationPlatforms) = preSolution
		Debug|Any CPU = Debug|Any CPU
		Release|Any CPU = Release|Any CPU
	EndGlobalSection
	GlobalSection(ProjectConfigurationPlatforms) = postSolution
		{B85A182D-9E5F-400C-A489-707652550152}.Debug|Any CPU.ActiveCfg = Debug|Any CPU
		{B85A182D-9E5F-400C-A489-707652550152}.Debug|Any CPU.Build.0 = Debug|Any CPU
		{B85A182D-9E5F-400C-A489-707652550152}.Release|Any CPU.ActiveCfg = Release|Any CPU
		{B85A182D-9E5F-400C-A489-707652550152}.Release|Any CPU.Build.0 = Release|Any CPU
	EndGlobalSection
	GlobalSection(SolutionProperties) = preSolution
		HideSolutionNode = FALSE
	EndGlobalSection
	GlobalSection(ExtensibilityGlobals) = postSolution
		SolutionGuid = {5E872D55-ABCD-4CE8-994B-7C5886A3ECFD}
	EndGlobalSection
EndGlobal
